
Microsoft Visual Studio Solution File, Format Version 12.00
# Visual Studio Version 17
VisualStudioVersion = 17.2.32616.157
MinimumVisualStudioVersion = 10.0.40219.1
Project("{9A19103F-16F7-4668-BE54-9A1E7A4F7556}") = "AuditCheckListService", "AuditCheckListService.csproj", "{53038E29-6AA9-4CB4-B834-14048CEF69E8}"
EndProject
Project("{FAE04EC0-301F-11D3-BF4B-00C04F79EFBC}") = "AuditCheckListServiceTests", "..\AuditCheckListServiceTests\AuditCheckListServiceTests.csproj", "{D5BD6871-3F6E-4150-9E8C-289B265761EE}"
EndProject
Global
	GlobalSection(SolutionConfigurationPlatforms) = preSolution
		Debug|Any CPU = Debug|Any CPU
		Release|Any CPU = Release|Any CPU
	EndGlobalSection
	GlobalSection(ProjectConfigurationPlatforms) = postSolution
		{53038E29-6AA9-4CB4-B834-14048CEF69E8}.Debug|Any CPU.ActiveCfg = Debug|Any CPU
		{53038E29-6AA9-4CB4-B834-14048CEF69E8}.Debug|Any CPU.Build.0 = Debug|Any CPU
		{53038E29-6AA9-4CB4-B834-14048CEF69E8}.Release|Any CPU.ActiveCfg = Release|Any CPU
		{53038E29-6AA9-4CB4-B834-14048CEF69E8}.Release|Any CPU.Build.0 = Release|Any CPU
		{D5BD6871-3F6E-4150-9E8C-289B265761EE}.Debug|Any CPU.ActiveCfg = Debug|Any CPU
		{D5BD6871-3F6E-4150-9E8C-289B265761EE}.Debug|Any CPU.Build.0 = Debug|Any CPU
		{D5BD6871-3F6E-4150-9E8C-289B265761EE}.Release|Any CPU.ActiveCfg = Release|Any CPU
		{D5BD6871-3F6E-4150-9E8C-289B265761EE}.Release|Any CPU.Build.0 = Release|Any CPU
	EndGlobalSection
	GlobalSection(SolutionProperties) = preSolution
		HideSolutionNode = FALSE
	EndGlobalSection
	GlobalSection(ExtensibilityGlobals) = postSolution
		SolutionGuid = {79F1B272-A2AE-440E-A536-E34ACFF6B57A}
	EndGlobalSection
EndGlobal
